
Microsoft Visual Studio Solution File, Format Version 12.00
# Visual Studio 14
VisualStudioVersion = 14.0.23107.0
MinimumVisualStudioVersion = 10.0.40219.1
Project("{FAE04EC0-301F-11D3-BF4B-00C04F79EFBC}") = "DATH", "DATH\DATH.csproj", "{91973598-4FED-4FDA-93A9-91EA9F0E83EC}"
EndProject
Global
	GlobalSection(SolutionConfigurationPlatforms) = preSolution
		Debug|Any CPU = Debug|Any CPU
		Release|Any CPU = Release|Any CPU
	EndGlobalSection
	GlobalSection(ProjectConfigurationPlatforms) = postSolution
		{91973598-4FED-4FDA-93A9-91EA9F0E83EC}.Debug|Any CPU.ActiveCfg = Debug|Any CPU
		{91973598-4FED-4FDA-93A9-91EA9F0E83EC}.Debug|Any CPU.Build.0 = Debug|Any CPU
		{91973598-4FED-4FDA-93A9-91EA9F0E83EC}.Release|Any CPU.ActiveCfg = Release|Any CPU
		{91973598-4FED-4FDA-93A9-91EA9F0E83EC}.Release|Any CPU.Build.0 = Release|Any CPU
	EndGlobalSection
	GlobalSection(SolutionProperties) = preSolution
		HideSolutionNode = FALSE
	EndGlobalSection
EndGlobal
